
Microsoft Visual Studio Solution File, Format Version 12.00
# Visual Studio Version 16
VisualStudioVersion = 16.0.29102.190
MinimumVisualStudioVersion = 10.0.40219.1
Project("{FAE04EC0-301F-11D3-BF4B-00C04F79EFBC}") = "Lif.ApiBasic", "Lif.ApiBasic\Lif.ApiBasic.csproj", "{ED3F5EE4-768D-484B-AE0B-B091D0638891}"
EndProject
Global
	GlobalSection(SolutionConfigurationPlatforms) = preSolution
		Debug|Any CPU = Debug|Any CPU
		Release|Any CPU = Release|Any CPU
	EndGlobalSection
	GlobalSection(ProjectConfigurationPlatforms) = postSolution
		{ED3F5EE4-768D-484B-AE0B-B091D0638891}.Debug|Any CPU.ActiveCfg = Debug|Any CPU
		{ED3F5EE4-768D-484B-AE0B-B091D0638891}.Debug|Any CPU.Build.0 = Debug|Any CPU
		{ED3F5EE4-768D-484B-AE0B-B091D0638891}.Release|Any CPU.ActiveCfg = Release|Any CPU
		{ED3F5EE4-768D-484B-AE0B-B091D0638891}.Release|Any CPU.Build.0 = Release|Any CPU
	EndGlobalSection
	GlobalSection(SolutionProperties) = preSolution
		HideSolutionNode = FALSE
	EndGlobalSection
	GlobalSection(ExtensibilityGlobals) = postSolution
		SolutionGuid = {0552B980-59C2-4544-8D41-A38C6BA50848}
	EndGlobalSection
EndGlobal
